
Microsoft Visual Studio Solution File, Format Version 12.00
# Visual Studio 2013
VisualStudioVersion = 12.0.30501.0
MinimumVisualStudioVersion = 10.0.40219.1
Project("{FAE04EC0-301F-11D3-BF4B-00C04F79EFBC}") = "XunitRetry", "XunitRetry\XunitRetry.csproj", "{B9E993AD-3586-49F5-906B-8015251CFE27}"
EndProject
Project("{FAE04EC0-301F-11D3-BF4B-00C04F79EFBC}") = "XunitRetry.Generator.SpecflowPlugin", "XunitRetry.Generator.SpecflowPlugin\XunitRetry.Generator.SpecflowPlugin.csproj", "{AB750360-5E09-48B5-850B-AEB6A03D8034}"
EndProject
Project("{FAE04EC0-301F-11D3-BF4B-00C04F79EFBC}") = "Test", "Test\Test.csproj", "{F05A81FA-5E11-4334-B502-2E0370B0645E}"
EndProject
Global
	GlobalSection(SolutionConfigurationPlatforms) = preSolution
		Debug|Any CPU = Debug|Any CPU
		Release|Any CPU = Release|Any CPU
	EndGlobalSection
	GlobalSection(ProjectConfigurationPlatforms) = postSolution
		{B9E993AD-3586-49F5-906B-8015251CFE27}.Debug|Any CPU.ActiveCfg = Debug|Any CPU
		{B9E993AD-3586-49F5-906B-8015251CFE27}.Debug|Any CPU.Build.0 = Debug|Any CPU
		{B9E993AD-3586-49F5-906B-8015251CFE27}.Release|Any CPU.ActiveCfg = Release|Any CPU
		{B9E993AD-3586-49F5-906B-8015251CFE27}.Release|Any CPU.Build.0 = Release|Any CPU
		{AB750360-5E09-48B5-850B-AEB6A03D8034}.Debug|Any CPU.ActiveCfg = Debug|Any CPU
		{AB750360-5E09-48B5-850B-AEB6A03D8034}.Debug|Any CPU.Build.0 = Debug|Any CPU
		{AB750360-5E09-48B5-850B-AEB6A03D8034}.Release|Any CPU.ActiveCfg = Release|Any CPU
		{AB750360-5E09-48B5-850B-AEB6A03D8034}.Release|Any CPU.Build.0 = Release|Any CPU
		{F05A81FA-5E11-4334-B502-2E0370B0645E}.Debug|Any CPU.ActiveCfg = Debug|Any CPU
		{F05A81FA-5E11-4334-B502-2E0370B0645E}.Debug|Any CPU.Build.0 = Debug|Any CPU
		{F05A81FA-5E11-4334-B502-2E0370B0645E}.Release|Any CPU.ActiveCfg = Release|Any CPU
		{F05A81FA-5E11-4334-B502-2E0370B0645E}.Release|Any CPU.Build.0 = Release|Any CPU
	EndGlobalSection
	GlobalSection(SolutionProperties) = preSolution
		HideSolutionNode = FALSE
	EndGlobalSection
EndGlobal
